
Microsoft Visual Studio Solution File, Format Version 12.00
# Visual Studio Version 17
VisualStudioVersion = 17.1.32421.90
MinimumVisualStudioVersion = 10.0.40219.1
Project("{9A19103F-16F7-4668-BE54-9A1E7A4F7556}") = "RedisAPI", "RedisAPI\RedisAPI.csproj", "{91639B95-9123-4C89-9418-A45F10F04166}"
EndProject
Global
	GlobalSection(SolutionConfigurationPlatforms) = preSolution
		Debug|Any CPU = Debug|Any CPU
		Release|Any CPU = Release|Any CPU
	EndGlobalSection
	GlobalSection(ProjectConfigurationPlatforms) = postSolution
		{91639B95-9123-4C89-9418-A45F10F04166}.Debug|Any CPU.ActiveCfg = Debug|Any CPU
		{91639B95-9123-4C89-9418-A45F10F04166}.Debug|Any CPU.Build.0 = Debug|Any CPU
		{91639B95-9123-4C89-9418-A45F10F04166}.Release|Any CPU.ActiveCfg = Release|Any CPU
		{91639B95-9123-4C89-9418-A45F10F04166}.Release|Any CPU.Build.0 = Release|Any CPU
	EndGlobalSection
	GlobalSection(SolutionProperties) = preSolution
		HideSolutionNode = FALSE
	EndGlobalSection
	GlobalSection(ExtensibilityGlobals) = postSolution
		SolutionGuid = {C72D8A82-7C89-48BC-9FBF-75BAE0635CF8}
	EndGlobalSection
EndGlobal
